
Microsoft Visual Studio Solution File, Format Version 12.00
# Visual Studio Version 17
VisualStudioVersion = 17.0.31903.59
MinimumVisualStudioVersion = 10.0.40219.1
Project("{2150E333-8FDC-42A3-9474-1A3956D46DE8}") = "src", "src", "{827E0CD3-B72D-47B6-A68D-7590B98EB39B}"
EndProject
Project("{F2A71F9B-5D33-465A-A702-920D77279786}") = "Domino", "src\Domino\Domino.fsproj", "{7837679B-24F6-4486-AE13-A239BD8DD568}"
EndProject
Project("{F2A71F9B-5D33-465A-A702-920D77279786}") = "Domino.Console", "src\Domino.Console\Domino.Console.fsproj", "{DC5048A9-E341-42F3-9471-68154C4C6529}"
EndProject
Project("{F2A71F9B-5D33-465A-A702-920D77279786}") = "Domino.Test", "src\Domino.Test\Domino.Test.fsproj", "{28031803-A749-455B-9481-59C4BAD61232}"
EndProject
Global
	GlobalSection(SolutionConfigurationPlatforms) = preSolution
		Debug|Any CPU = Debug|Any CPU
		Debug|x64 = Debug|x64
		Debug|x86 = Debug|x86
		Release|Any CPU = Release|Any CPU
		Release|x64 = Release|x64
		Release|x86 = Release|x86
	EndGlobalSection
	GlobalSection(ProjectConfigurationPlatforms) = postSolution
		{7837679B-24F6-4486-AE13-A239BD8DD568}.Debug|Any CPU.ActiveCfg = Debug|Any CPU
		{7837679B-24F6-4486-AE13-A239BD8DD568}.Debug|Any CPU.Build.0 = Debug|Any CPU
		{7837679B-24F6-4486-AE13-A239BD8DD568}.Debug|x64.ActiveCfg = Debug|Any CPU
		{7837679B-24F6-4486-AE13-A239BD8DD568}.Debug|x64.Build.0 = Debug|Any CPU
		{7837679B-24F6-4486-AE13-A239BD8DD568}.Debug|x86.ActiveCfg = Debug|Any CPU
		{7837679B-24F6-4486-AE13-A239BD8DD568}.Debug|x86.Build.0 = Debug|Any CPU
		{7837679B-24F6-4486-AE13-A239BD8DD568}.Release|Any CPU.ActiveCfg = Release|Any CPU
		{7837679B-24F6-4486-AE13-A239BD8DD568}.Release|Any CPU.Build.0 = Release|Any CPU
		{7837679B-24F6-4486-AE13-A239BD8DD568}.Release|x64.ActiveCfg = Release|Any CPU
		{7837679B-24F6-4486-AE13-A239BD8DD568}.Release|x64.Build.0 = Release|Any CPU
		{7837679B-24F6-4486-AE13-A239BD8DD568}.Release|x86.ActiveCfg = Release|Any CPU
		{7837679B-24F6-4486-AE13-A239BD8DD568}.Release|x86.Build.0 = Release|Any CPU
		{DC5048A9-E341-42F3-9471-68154C4C6529}.Debug|Any CPU.ActiveCfg = Debug|Any CPU
		{DC5048A9-E341-42F3-9471-68154C4C6529}.Debug|Any CPU.Build.0 = Debug|Any CPU
		{DC5048A9-E341-42F3-9471-68154C4C6529}.Debug|x64.ActiveCfg = Debug|Any CPU
		{DC5048A9-E341-42F3-9471-68154C4C6529}.Debug|x64.Build.0 = Debug|Any CPU
		{DC5048A9-E341-42F3-9471-68154C4C6529}.Debug|x86.ActiveCfg = Debug|Any CPU
		{DC5048A9-E341-42F3-9471-68154C4C6529}.Debug|x86.Build.0 = Debug|Any CPU
		{DC5048A9-E341-42F3-9471-68154C4C6529}.Release|Any CPU.ActiveCfg = Release|Any CPU
		{DC5048A9-E341-42F3-9471-68154C4C6529}.Release|Any CPU.Build.0 = Release|Any CPU
		{DC5048A9-E341-42F3-9471-68154C4C6529}.Release|x64.ActiveCfg = Release|Any CPU
		{DC5048A9-E341-42F3-9471-68154C4C6529}.Release|x64.Build.0 = Release|Any CPU
		{DC5048A9-E341-42F3-9471-68154C4C6529}.Release|x86.ActiveCfg = Release|Any CPU
		{DC5048A9-E341-42F3-9471-68154C4C6529}.Release|x86.Build.0 = Release|Any CPU
		{28031803-A749-455B-9481-59C4BAD61232}.Debug|Any CPU.ActiveCfg = Debug|Any CPU
		{28031803-A749-455B-9481-59C4BAD61232}.Debug|Any CPU.Build.0 = Debug|Any CPU
		{28031803-A749-455B-9481-59C4BAD61232}.Debug|x64.ActiveCfg = Debug|Any CPU
		{28031803-A749-455B-9481-59C4BAD61232}.Debug|x64.Build.0 = Debug|Any CPU
		{28031803-A749-455B-9481-59C4BAD61232}.Debug|x86.ActiveCfg = Debug|Any CPU
		{28031803-A749-455B-9481-59C4BAD61232}.Debug|x86.Build.0 = Debug|Any CPU
		{28031803-A749-455B-9481-59C4BAD61232}.Release|Any CPU.ActiveCfg = Release|Any CPU
		{28031803-A749-455B-9481-59C4BAD61232}.Release|Any CPU.Build.0 = Release|Any CPU
		{28031803-A749-455B-9481-59C4BAD61232}.Release|x64.ActiveCfg = Release|Any CPU
		{28031803-A749-455B-9481-59C4BAD61232}.Release|x64.Build.0 = Release|Any CPU
		{28031803-A749-455B-9481-59C4BAD61232}.Release|x86.ActiveCfg = Release|Any CPU
		{28031803-A749-455B-9481-59C4BAD61232}.Release|x86.Build.0 = Release|Any CPU
	EndGlobalSection
	GlobalSection(SolutionProperties) = preSolution
		HideSolutionNode = FALSE
	EndGlobalSection
	GlobalSection(NestedProjects) = preSolution
		{7837679B-24F6-4486-AE13-A239BD8DD568} = {827E0CD3-B72D-47B6-A68D-7590B98EB39B}
		{DC5048A9-E341-42F3-9471-68154C4C6529} = {827E0CD3-B72D-47B6-A68D-7590B98EB39B}
		{28031803-A749-455B-9481-59C4BAD61232} = {827E0CD3-B72D-47B6-A68D-7590B98EB39B}
	EndGlobalSection
EndGlobal
